
Microsoft Visual Studio Solution File, Format Version 12.00
# Visual Studio Version 17
VisualStudioVersion = 17.7.34009.444
MinimumVisualStudioVersion = 10.0.40219.1
Project("{FAE04EC0-301F-11D3-BF4B-00C04F79EFBC}") = "Devops_build", "Devops_build\Devops_build.csproj", "{F7E03579-D615-428B-8779-9C2E332D5A24}"
EndProject
Project("{2150E333-8FDC-42A3-9474-1A3956D46DE8}") = "Testing", "Testing", "{30D57BAE-FFE5-4B0F-B811-4A3C1E841D44}"
EndProject
Project("{FAE04EC0-301F-11D3-BF4B-00C04F79EFBC}") = "XunitTest", "XunitTest\XunitTest.csproj", "{0AF38D5E-BBC4-45B4-929A-786C75013E5A}"
EndProject
Global
	GlobalSection(SolutionConfigurationPlatforms) = preSolution
		Debug|Any CPU = Debug|Any CPU
		Release|Any CPU = Release|Any CPU
	EndGlobalSection
	GlobalSection(ProjectConfigurationPlatforms) = postSolution
		{F7E03579-D615-428B-8779-9C2E332D5A24}.Debug|Any CPU.ActiveCfg = Debug|Any CPU
		{F7E03579-D615-428B-8779-9C2E332D5A24}.Debug|Any CPU.Build.0 = Debug|Any CPU
		{F7E03579-D615-428B-8779-9C2E332D5A24}.Release|Any CPU.ActiveCfg = Release|Any CPU
		{F7E03579-D615-428B-8779-9C2E332D5A24}.Release|Any CPU.Build.0 = Release|Any CPU
		{0AF38D5E-BBC4-45B4-929A-786C75013E5A}.Debug|Any CPU.ActiveCfg = Debug|Any CPU
		{0AF38D5E-BBC4-45B4-929A-786C75013E5A}.Debug|Any CPU.Build.0 = Debug|Any CPU
		{0AF38D5E-BBC4-45B4-929A-786C75013E5A}.Release|Any CPU.ActiveCfg = Release|Any CPU
		{0AF38D5E-BBC4-45B4-929A-786C75013E5A}.Release|Any CPU.Build.0 = Release|Any CPU
	EndGlobalSection
	GlobalSection(SolutionProperties) = preSolution
		HideSolutionNode = FALSE
	EndGlobalSection
	GlobalSection(NestedProjects) = preSolution
		{0AF38D5E-BBC4-45B4-929A-786C75013E5A} = {30D57BAE-FFE5-4B0F-B811-4A3C1E841D44}
	EndGlobalSection
	GlobalSection(ExtensibilityGlobals) = postSolution
		SolutionGuid = {35D88361-19FD-481A-9703-06F35FC7103B}
	EndGlobalSection
EndGlobal
